// !$*UTF8*$!
{
	archiveVersion = 1;
	classes = {
	};
	objectVersion = 48;
	objects = {

/* Begin PBXBuildFile section */
		2FB0C2E9843F4DF9E6DAD3D3 /* Pods_RushAppUITests.framework in Frameworks */ = {isa = PBXBuildFile; fileRef = C8CA1C5D2B3FED458FF80C1D /* Pods_RushAppUITests.framework */; };
		643E85A3B470D9E4022C8FAC /* Pods_RushApp.framework in Frameworks */ = {isa = PBXBuildFile; fileRef = 1D9E46BAA35D6EFC3D0900A1 /* Pods_RushApp.framework */; };
		B1BFAC311FB805E2003B542D /* GroupsViewController.swift in Sources */ = {isa = PBXBuildFile; fileRef = B1BFAC301FB805E2003B542D /* GroupsViewController.swift */; };
		B1BFAC331FB8C50F003B542D /* MembersTableViewController.swift in Sources */ = {isa = PBXBuildFile; fileRef = B1BFAC321FB8C50F003B542D /* MembersTableViewController.swift */; };
		C72303E61F882D28007D7989 /* AppDelegate.swift in Sources */ = {isa = PBXBuildFile; fileRef = C72303E51F882D28007D7989 /* AppDelegate.swift */; };
		C72303E81F882D28007D7989 /* SignInViewController.swift in Sources */ = {isa = PBXBuildFile; fileRef = C72303E71F882D28007D7989 /* SignInViewController.swift */; };
		C72303EB1F882D28007D7989 /* Main.storyboard in Resources */ = {isa = PBXBuildFile; fileRef = C72303E91F882D28007D7989 /* Main.storyboard */; };
		C72303EE1F882D28007D7989 /* RushApp.xcdatamodeld in Sources */ = {isa = PBXBuildFile; fileRef = C72303EC1F882D28007D7989 /* RushApp.xcdatamodeld */; };
		C72303F01F882D28007D7989 /* Assets.xcassets in Resources */ = {isa = PBXBuildFile; fileRef = C72303EF1F882D28007D7989 /* Assets.xcassets */; };
		C72303F31F882D28007D7989 /* LaunchScreen.storyboard in Resources */ = {isa = PBXBuildFile; fileRef = C72303F11F882D28007D7989 /* LaunchScreen.storyboard */; };
		C72303FE1F882D28007D7989 /* RushAppTests.swift in Sources */ = {isa = PBXBuildFile; fileRef = C72303FD1F882D28007D7989 /* RushAppTests.swift */; };
		C72304091F882D28007D7989 /* RushAppUITests.swift in Sources */ = {isa = PBXBuildFile; fileRef = C72304081F882D28007D7989 /* RushAppUITests.swift */; };
		C72F2F731FB3BE5D00CAC47E /* User.swift in Sources */ = {isa = PBXBuildFile; fileRef = C72F2F721FB3BE5D00CAC47E /* User.swift */; };
		C72F2F751FB3D4E000CAC47E /* CurrentSessionData.swift in Sources */ = {isa = PBXBuildFile; fileRef = C72F2F741FB3D4E000CAC47E /* CurrentSessionData.swift */; };
		C7AFE7C61FA29F9E006663A7 /* GoogleService-Info.plist in Resources */ = {isa = PBXBuildFile; fileRef = C7AFE7C51FA29F9E006663A7 /* GoogleService-Info.plist */; };
		EAB515B8D0CBB101F5AA3F05 /* Pods_RushAppTests.framework in Frameworks */ = {isa = PBXBuildFile; fileRef = 5F36E91897D4E95FB9E8092C /* Pods_RushAppTests.framework */; };
/* End PBXBuildFile section */

/* Begin PBXContainerItemProxy section */
		C72303FA1F882D28007D7989 /* PBXContainerItemProxy */ = {
			isa = PBXContainerItemProxy;
			containerPortal = C72303DA1F882D28007D7989 /* Project object */;
			proxyType = 1;
			remoteGlobalIDString = C72303E11F882D28007D7989;
			remoteInfo = RushApp;
		};
		C72304051F882D28007D7989 /* PBXContainerItemProxy */ = {
			isa = PBXContainerItemProxy;
			containerPortal = C72303DA1F882D28007D7989 /* Project object */;
			proxyType = 1;
			remoteGlobalIDString = C72303E11F882D28007D7989;
			remoteInfo = RushApp;
		};
/* End PBXContainerItemProxy section */

/* Begin PBXFileReference section */
		04BFF85812FD41930E4E1190 /* Pods-RushApp.release.xcconfig */ = {isa = PBXFileReference; includeInIndex = 1; lastKnownFileType = text.xcconfig; name = "Pods-RushApp.release.xcconfig"; path = "Pods/Target Support Files/Pods-RushApp/Pods-RushApp.release.xcconfig"; sourceTree = "<group>"; };
		0BF6236291D417E1B49A00C6 /* Pods-RushApp.debug.xcconfig */ = {isa = PBXFileReference; includeInIndex = 1; lastKnownFileType = text.xcconfig; name = "Pods-RushApp.debug.xcconfig"; path = "Pods/Target Support Files/Pods-RushApp/Pods-RushApp.debug.xcconfig"; sourceTree = "<group>"; };
		1D9E46BAA35D6EFC3D0900A1 /* Pods_RushApp.framework */ = {isa = PBXFileReference; explicitFileType = wrapper.framework; includeInIndex = 0; path = Pods_RushApp.framework; sourceTree = BUILT_PRODUCTS_DIR; };
		5F36E91897D4E95FB9E8092C /* Pods_RushAppTests.framework */ = {isa = PBXFileReference; explicitFileType = wrapper.framework; includeInIndex = 0; path = Pods_RushAppTests.framework; sourceTree = BUILT_PRODUCTS_DIR; };
		68922F70EBCB82D9F60CD307 /* Pods-RushAppTests.debug.xcconfig */ = {isa = PBXFileReference; includeInIndex = 1; lastKnownFileType = text.xcconfig; name = "Pods-RushAppTests.debug.xcconfig"; path = "Pods/Target Support Files/Pods-RushAppTests/Pods-RushAppTests.debug.xcconfig"; sourceTree = "<group>"; };
		A595ECFFCD877AAF0F2EE87E /* Pods-RushAppUITests.debug.xcconfig */ = {isa = PBXFileReference; includeInIndex = 1; lastKnownFileType = text.xcconfig; name = "Pods-RushAppUITests.debug.xcconfig"; path = "Pods/Target Support Files/Pods-RushAppUITests/Pods-RushAppUITests.debug.xcconfig"; sourceTree = "<group>"; };
		B1BFAC301FB805E2003B542D /* GroupsViewController.swift */ = {isa = PBXFileReference; lastKnownFileType = sourcecode.swift; name = GroupsViewController.swift; path = /Users/simran/GitHub/rush/RushApp/RushApp/GroupsViewController.swift; sourceTree = "<absolute>"; };
		B1BFAC321FB8C50F003B542D /* MembersTableViewController.swift */ = {isa = PBXFileReference; lastKnownFileType = sourcecode.swift; path = MembersTableViewController.swift; sourceTree = "<group>"; };
		C72303E21F882D28007D7989 /* RushApp.app */ = {isa = PBXFileReference; explicitFileType = wrapper.application; includeInIndex = 0; path = RushApp.app; sourceTree = BUILT_PRODUCTS_DIR; };
		C72303E51F882D28007D7989 /* AppDelegate.swift */ = {isa = PBXFileReference; lastKnownFileType = sourcecode.swift; path = AppDelegate.swift; sourceTree = "<group>"; };
		C72303E71F882D28007D7989 /* SignInViewController.swift */ = {isa = PBXFileReference; lastKnownFileType = sourcecode.swift; path = SignInViewController.swift; sourceTree = "<group>"; };
		C72303EA1F882D28007D7989 /* Base */ = {isa = PBXFileReference; lastKnownFileType = file.storyboard; name = Base; path = Base.lproj/Main.storyboard; sourceTree = "<group>"; };
		C72303ED1F882D28007D7989 /* RushApp.xcdatamodel */ = {isa = PBXFileReference; lastKnownFileType = wrapper.xcdatamodel; path = RushApp.xcdatamodel; sourceTree = "<group>"; };
		C72303EF1F882D28007D7989 /* Assets.xcassets */ = {isa = PBXFileReference; lastKnownFileType = folder.assetcatalog; path = Assets.xcassets; sourceTree = "<group>"; };
		C72303F21F882D28007D7989 /* Base */ = {isa = PBXFileReference; lastKnownFileType = file.storyboard; name = Base; path = Base.lproj/LaunchScreen.storyboard; sourceTree = "<group>"; };
		C72303F41F882D28007D7989 /* Info.plist */ = {isa = PBXFileReference; lastKnownFileType = text.plist.xml; path = Info.plist; sourceTree = "<group>"; };
		C72303F91F882D28007D7989 /* RushAppTests.xctest */ = {isa = PBXFileReference; explicitFileType = wrapper.cfbundle; includeInIndex = 0; path = RushAppTests.xctest; sourceTree = BUILT_PRODUCTS_DIR; };
		C72303FD1F882D28007D7989 /* RushAppTests.swift */ = {isa = PBXFileReference; lastKnownFileType = sourcecode.swift; path = RushAppTests.swift; sourceTree = "<group>"; };
		C72303FF1F882D28007D7989 /* Info.plist */ = {isa = PBXFileReference; lastKnownFileType = text.plist.xml; path = Info.plist; sourceTree = "<group>"; };
		C72304041F882D28007D7989 /* RushAppUITests.xctest */ = {isa = PBXFileReference; explicitFileType = wrapper.cfbundle; includeInIndex = 0; path = RushAppUITests.xctest; sourceTree = BUILT_PRODUCTS_DIR; };
		C72304081F882D28007D7989 /* RushAppUITests.swift */ = {isa = PBXFileReference; lastKnownFileType = sourcecode.swift; path = RushAppUITests.swift; sourceTree = "<group>"; };
		C723040A1F882D28007D7989 /* Info.plist */ = {isa = PBXFileReference; lastKnownFileType = text.plist.xml; path = Info.plist; sourceTree = "<group>"; };
		C72F2F721FB3BE5D00CAC47E /* User.swift */ = {isa = PBXFileReference; lastKnownFileType = sourcecode.swift; path = User.swift; sourceTree = "<group>"; };
		C72F2F741FB3D4E000CAC47E /* CurrentSessionData.swift */ = {isa = PBXFileReference; lastKnownFileType = sourcecode.swift; path = CurrentSessionData.swift; sourceTree = "<group>"; };
		C7AFE7C51FA29F9E006663A7 /* GoogleService-Info.plist */ = {isa = PBXFileReference; fileEncoding = 4; lastKnownFileType = text.plist.xml; path = "GoogleService-Info.plist"; sourceTree = "<group>"; };
		C8CA1C5D2B3FED458FF80C1D /* Pods_RushAppUITests.framework */ = {isa = PBXFileReference; explicitFileType = wrapper.framework; includeInIndex = 0; path = Pods_RushAppUITests.framework; sourceTree = BUILT_PRODUCTS_DIR; };
		DD85758A3CCE1EA9D73B16E1 /* Pods-RushAppTests.release.xcconfig */ = {isa = PBXFileReference; includeInIndex = 1; lastKnownFileType = text.xcconfig; name = "Pods-RushAppTests.release.xcconfig"; path = "Pods/Target Support Files/Pods-RushAppTests/Pods-RushAppTests.release.xcconfig"; sourceTree = "<group>"; };
		F4C6D68576C454C60939CD36 /* Pods-RushAppUITests.release.xcconfig */ = {isa = PBXFileReference; includeInIndex = 1; lastKnownFileType = text.xcconfig; name = "Pods-RushAppUITests.release.xcconfig"; path = "Pods/Target Support Files/Pods-RushAppUITests/Pods-RushAppUITests.release.xcconfig"; sourceTree = "<group>"; };
/* End PBXFileReference section */

/* Begin PBXFrameworksBuildPhase section */
		C72303DF1F882D28007D7989 /* Frameworks */ = {
			isa = PBXFrameworksBuildPhase;
			buildActionMask = 2147483647;
			files = (
				643E85A3B470D9E4022C8FAC /* Pods_RushApp.framework in Frameworks */,
			);
			runOnlyForDeploymentPostprocessing = 0;
		};
		C72303F61F882D28007D7989 /* Frameworks */ = {
			isa = PBXFrameworksBuildPhase;
			buildActionMask = 2147483647;
			files = (
				EAB515B8D0CBB101F5AA3F05 /* Pods_RushAppTests.framework in Frameworks */,
			);
			runOnlyForDeploymentPostprocessing = 0;
		};
		C72304011F882D28007D7989 /* Frameworks */ = {
			isa = PBXFrameworksBuildPhase;
			buildActionMask = 2147483647;
			files = (
				2FB0C2E9843F4DF9E6DAD3D3 /* Pods_RushAppUITests.framework in Frameworks */,
			);
			runOnlyForDeploymentPostprocessing = 0;
		};
/* End PBXFrameworksBuildPhase section */

/* Begin PBXGroup section */
		C10C12049EA63C60D8EB8BE3 /* Pods */ = {
			isa = PBXGroup;
			children = (
				0BF6236291D417E1B49A00C6 /* Pods-RushApp.debug.xcconfig */,
				04BFF85812FD41930E4E1190 /* Pods-RushApp.release.xcconfig */,
				68922F70EBCB82D9F60CD307 /* Pods-RushAppTests.debug.xcconfig */,
				DD85758A3CCE1EA9D73B16E1 /* Pods-RushAppTests.release.xcconfig */,
				A595ECFFCD877AAF0F2EE87E /* Pods-RushAppUITests.debug.xcconfig */,
				F4C6D68576C454C60939CD36 /* Pods-RushAppUITests.release.xcconfig */,
			);
			name = Pods;
			sourceTree = "<group>";
		};
		C72303D91F882D27007D7989 = {
			isa = PBXGroup;
			children = (
				C72303E41F882D28007D7989 /* RushApp */,
				C72303FC1F882D28007D7989 /* RushAppTests */,
				C72304071F882D28007D7989 /* RushAppUITests */,
				C72303E31F882D28007D7989 /* Products */,
				C10C12049EA63C60D8EB8BE3 /* Pods */,
				E39C6C609C8F49668338BD8B /* Frameworks */,
			);
			sourceTree = "<group>";
		};
		C72303E31F882D28007D7989 /* Products */ = {
			isa = PBXGroup;
			children = (
				C72303E21F882D28007D7989 /* RushApp.app */,
				C72303F91F882D28007D7989 /* RushAppTests.xctest */,
				C72304041F882D28007D7989 /* RushAppUITests.xctest */,
			);
			name = Products;
			sourceTree = "<group>";
		};
		C72303E41F882D28007D7989 /* RushApp */ = {
			isa = PBXGroup;
			children = (
				C72303E51F882D28007D7989 /* AppDelegate.swift */,
				C72303E71F882D28007D7989 /* SignInViewController.swift */,
				B1BFAC301FB805E2003B542D /* GroupsViewController.swift */,
				B1BFAC321FB8C50F003B542D /* MembersTableViewController.swift */,
				C72303E91F882D28007D7989 /* Main.storyboard */,
				C72303EF1F882D28007D7989 /* Assets.xcassets */,
				C72303F11F882D28007D7989 /* LaunchScreen.storyboard */,
				C72303F41F882D28007D7989 /* Info.plist */,
				C7AFE7C51FA29F9E006663A7 /* GoogleService-Info.plist */,
				C72303EC1F882D28007D7989 /* RushApp.xcdatamodeld */,
				C72F2F741FB3D4E000CAC47E /* CurrentSessionData.swift */,
				C72F2F721FB3BE5D00CAC47E /* User.swift */,
			);
			path = RushApp;
			sourceTree = "<group>";
		};
		C72303FC1F882D28007D7989 /* RushAppTests */ = {
			isa = PBXGroup;
			children = (
				C72303FD1F882D28007D7989 /* RushAppTests.swift */,
				C72303FF1F882D28007D7989 /* Info.plist */,
			);
			path = RushAppTests;
			sourceTree = "<group>";
		};
		C72304071F882D28007D7989 /* RushAppUITests */ = {
			isa = PBXGroup;
			children = (
				C72304081F882D28007D7989 /* RushAppUITests.swift */,
				C723040A1F882D28007D7989 /* Info.plist */,
			);
			path = RushAppUITests;
			sourceTree = "<group>";
		};
		E39C6C609C8F49668338BD8B /* Frameworks */ = {
			isa = PBXGroup;
			children = (
				1D9E46BAA35D6EFC3D0900A1 /* Pods_RushApp.framework */,
				5F36E91897D4E95FB9E8092C /* Pods_RushAppTests.framework */,
				C8CA1C5D2B3FED458FF80C1D /* Pods_RushAppUITests.framework */,
			);
			name = Frameworks;
			sourceTree = "<group>";
		};
/* End PBXGroup section */

/* Begin PBXNativeTarget section */
		C72303E11F882D28007D7989 /* RushApp */ = {
			isa = PBXNativeTarget;
			buildConfigurationList = C723040D1F882D28007D7989 /* Build configuration list for PBXNativeTarget "RushApp" */;
			buildPhases = (
				3C3FCB7AA36DCFF85EC98E3C /* [CP] Check Pods Manifest.lock */,
				C72303DE1F882D28007D7989 /* Sources */,
				C72303DF1F882D28007D7989 /* Frameworks */,
				C72303E01F882D28007D7989 /* Resources */,
				E078AA14AE690F4BF5556C47 /* [CP] Embed Pods Frameworks */,
				76AE9CA88A1D1DD81A8F65EC /* [CP] Copy Pods Resources */,
			);
			buildRules = (
			);
			dependencies = (
			);
			name = RushApp;
			productName = RushApp;
			productReference = C72303E21F882D28007D7989 /* RushApp.app */;
			productType = "com.apple.product-type.application";
		};
		C72303F81F882D28007D7989 /* RushAppTests */ = {
			isa = PBXNativeTarget;
			buildConfigurationList = C72304101F882D28007D7989 /* Build configuration list for PBXNativeTarget "RushAppTests" */;
			buildPhases = (
				F95CB93FDE5A4F9A10F3AE11 /* [CP] Check Pods Manifest.lock */,
				C72303F51F882D28007D7989 /* Sources */,
				C72303F61F882D28007D7989 /* Frameworks */,
				C72303F71F882D28007D7989 /* Resources */,
				6074931FC0207CE637041507 /* [CP] Embed Pods Frameworks */,
				F1F8F5CAC88DE81BB7ACE57F /* [CP] Copy Pods Resources */,
			);
			buildRules = (
			);
			dependencies = (
				C72303FB1F882D28007D7989 /* PBXTargetDependency */,
			);
			name = RushAppTests;
			productName = RushAppTests;
			productReference = C72303F91F882D28007D7989 /* RushAppTests.xctest */;
			productType = "com.apple.product-type.bundle.unit-test";
		};
		C72304031F882D28007D7989 /* RushAppUITests */ = {
			isa = PBXNativeTarget;
			buildConfigurationList = C72304131F882D28007D7989 /* Build configuration list for PBXNativeTarget "RushAppUITests" */;
			buildPhases = (
				A0220C42EC7982309F648514 /* [CP] Check Pods Manifest.lock */,
				C72304001F882D28007D7989 /* Sources */,
				C72304011F882D28007D7989 /* Frameworks */,
				C72304021F882D28007D7989 /* Resources */,
				5315EE17F0AFAE405BAF207F /* [CP] Embed Pods Frameworks */,
				96E1286542DA9A77BB9C2140 /* [CP] Copy Pods Resources */,
			);
			buildRules = (
			);
			dependencies = (
				C72304061F882D28007D7989 /* PBXTargetDependency */,
			);
			name = RushAppUITests;
			productName = RushAppUITests;
			productReference = C72304041F882D28007D7989 /* RushAppUITests.xctest */;
			productType = "com.apple.product-type.bundle.ui-testing";
		};
/* End PBXNativeTarget section */

/* Begin PBXProject section */
		C72303DA1F882D28007D7989 /* Project object */ = {
			isa = PBXProject;
			attributes = {
				LastSwiftUpdateCheck = 0900;
				LastUpgradeCheck = 0900;
				ORGANIZATIONNAME = rush;
				TargetAttributes = {
					C72303E11F882D28007D7989 = {
						CreatedOnToolsVersion = 9.0;
						LastSwiftMigration = 0910;
						ProvisioningStyle = Automatic;
					};
					C72303F81F882D28007D7989 = {
						CreatedOnToolsVersion = 9.0;
						ProvisioningStyle = Automatic;
						TestTargetID = C72303E11F882D28007D7989;
					};
					C72304031F882D28007D7989 = {
						CreatedOnToolsVersion = 9.0;
						ProvisioningStyle = Automatic;
						TestTargetID = C72303E11F882D28007D7989;
					};
				};
			};
			buildConfigurationList = C72303DD1F882D28007D7989 /* Build configuration list for PBXProject "RushApp" */;
			compatibilityVersion = "Xcode 8.0";
			developmentRegion = en;
			hasScannedForEncodings = 0;
			knownRegions = (
				en,
				Base,
			);
			mainGroup = C72303D91F882D27007D7989;
			productRefGroup = C72303E31F882D28007D7989 /* Products */;
			projectDirPath = "";
			projectRoot = "";
			targets = (
				C72303E11F882D28007D7989 /* RushApp */,
				C72303F81F882D28007D7989 /* RushAppTests */,
				C72304031F882D28007D7989 /* RushAppUITests */,
			);
		};
/* End PBXProject section */

/* Begin PBXResourcesBuildPhase section */
		C72303E01F882D28007D7989 /* Resources */ = {
			isa = PBXResourcesBuildPhase;
			buildActionMask = 2147483647;
			files = (
				C72303F31F882D28007D7989 /* LaunchScreen.storyboard in Resources */,
				C7AFE7C61FA29F9E006663A7 /* GoogleService-Info.plist in Resources */,
				C72303F01F882D28007D7989 /* Assets.xcassets in Resources */,
				C72303EB1F882D28007D7989 /* Main.storyboard in Resources */,
			);
			runOnlyForDeploymentPostprocessing = 0;
		};
		C72303F71F882D28007D7989 /* Resources */ = {
			isa = PBXResourcesBuildPhase;
			buildActionMask = 2147483647;
			files = (
			);
			runOnlyForDeploymentPostprocessing = 0;
		};
		C72304021F882D28007D7989 /* Resources */ = {
			isa = PBXResourcesBuildPhase;
			buildActionMask = 2147483647;
			files = (
			);
			runOnlyForDeploymentPostprocessing = 0;
		};
/* End PBXResourcesBuildPhase section */

/* Begin PBXShellScriptBuildPhase section */
		3C3FCB7AA36DCFF85EC98E3C /* [CP] Check Pods Manifest.lock */ = {
			isa = PBXShellScriptBuildPhase;
			buildActionMask = 2147483647;
			files = (
			);
			inputPaths = (
				"${PODS_PODFILE_DIR_PATH}/Podfile.lock",
				"${PODS_ROOT}/Manifest.lock",
			);
			name = "[CP] Check Pods Manifest.lock";
			outputPaths = (
				"$(DERIVED_FILE_DIR)/Pods-RushApp-checkManifestLockResult.txt",
			);
			runOnlyForDeploymentPostprocessing = 0;
			shellPath = /bin/sh;
			shellScript = "diff \"${PODS_PODFILE_DIR_PATH}/Podfile.lock\" \"${PODS_ROOT}/Manifest.lock\" > /dev/null\nif [ $? != 0 ] ; then\n    # print error to STDERR\n    echo \"error: The sandbox is not in sync with the Podfile.lock. Run 'pod install' or update your CocoaPods installation.\" >&2\n    exit 1\nfi\n# This output is used by Xcode 'outputs' to avoid re-running this script phase.\necho \"SUCCESS\" > \"${SCRIPT_OUTPUT_FILE_0}\"\n";
			showEnvVarsInLog = 0;
		};
		5315EE17F0AFAE405BAF207F /* [CP] Embed Pods Frameworks */ = {
			isa = PBXShellScriptBuildPhase;
			buildActionMask = 2147483647;
			files = (
			);
			inputPaths = (
			);
			name = "[CP] Embed Pods Frameworks";
			outputPaths = (
			);
			runOnlyForDeploymentPostprocessing = 0;
			shellPath = /bin/sh;
			shellScript = "\"${SRCROOT}/Pods/Target Support Files/Pods-RushAppUITests/Pods-RushAppUITests-frameworks.sh\"\n";
			showEnvVarsInLog = 0;
		};
		6074931FC0207CE637041507 /* [CP] Embed Pods Frameworks */ = {
			isa = PBXShellScriptBuildPhase;
			buildActionMask = 2147483647;
			files = (
			);
			inputPaths = (
			);
			name = "[CP] Embed Pods Frameworks";
			outputPaths = (
			);
			runOnlyForDeploymentPostprocessing = 0;
			shellPath = /bin/sh;
			shellScript = "\"${SRCROOT}/Pods/Target Support Files/Pods-RushAppTests/Pods-RushAppTests-frameworks.sh\"\n";
			showEnvVarsInLog = 0;
		};
		76AE9CA88A1D1DD81A8F65EC /* [CP] Copy Pods Resources */ = {
			isa = PBXShellScriptBuildPhase;
			buildActionMask = 2147483647;
			files = (
			);
			inputPaths = (
				"${SRCROOT}/Pods/Target Support Files/Pods-RushApp/Pods-RushApp-resources.sh",
				"${PODS_ROOT}/GoogleSignIn/Resources/GoogleSignIn.bundle",
			);
			name = "[CP] Copy Pods Resources";
			outputPaths = (
				"${TARGET_BUILD_DIR}/${UNLOCALIZED_RESOURCES_FOLDER_PATH}",
			);
			runOnlyForDeploymentPostprocessing = 0;
			shellPath = /bin/sh;
			shellScript = "\"${SRCROOT}/Pods/Target Support Files/Pods-RushApp/Pods-RushApp-resources.sh\"\n";
			showEnvVarsInLog = 0;
		};
		96E1286542DA9A77BB9C2140 /* [CP] Copy Pods Resources */ = {
			isa = PBXShellScriptBuildPhase;
			buildActionMask = 2147483647;
			files = (
			);
			inputPaths = (
			);
			name = "[CP] Copy Pods Resources";
			outputPaths = (
			);
			runOnlyForDeploymentPostprocessing = 0;
			shellPath = /bin/sh;
			shellScript = "\"${SRCROOT}/Pods/Target Support Files/Pods-RushAppUITests/Pods-RushAppUITests-resources.sh\"\n";
			showEnvVarsInLog = 0;
		};
		A0220C42EC7982309F648514 /* [CP] Check Pods Manifest.lock */ = {
			isa = PBXShellScriptBuildPhase;
			buildActionMask = 2147483647;
			files = (
			);
			inputPaths = (
				"${PODS_PODFILE_DIR_PATH}/Podfile.lock",
				"${PODS_ROOT}/Manifest.lock",
			);
			name = "[CP] Check Pods Manifest.lock";
			outputPaths = (
				"$(DERIVED_FILE_DIR)/Pods-RushAppUITests-checkManifestLockResult.txt",
			);
			runOnlyForDeploymentPostprocessing = 0;
			shellPath = /bin/sh;
			shellScript = "diff \"${PODS_PODFILE_DIR_PATH}/Podfile.lock\" \"${PODS_ROOT}/Manifest.lock\" > /dev/null\nif [ $? != 0 ] ; then\n    # print error to STDERR\n    echo \"error: The sandbox is not in sync with the Podfile.lock. Run 'pod install' or update your CocoaPods installation.\" >&2\n    exit 1\nfi\n# This output is used by Xcode 'outputs' to avoid re-running this script phase.\necho \"SUCCESS\" > \"${SCRIPT_OUTPUT_FILE_0}\"\n";
			showEnvVarsInLog = 0;
		};
		E078AA14AE690F4BF5556C47 /* [CP] Embed Pods Frameworks */ = {
			isa = PBXShellScriptBuildPhase;
			buildActionMask = 2147483647;
			files = (
			);
			inputPaths = (
				"${SRCROOT}/Pods/Target Support Files/Pods-RushApp/Pods-RushApp-frameworks.sh",
				"${BUILT_PRODUCTS_DIR}/GTMOAuth2/GTMOAuth2.framework",
				"${BUILT_PRODUCTS_DIR}/GTMSessionFetcher/GTMSessionFetcher.framework",
				"${BUILT_PRODUCTS_DIR}/GoogleToolboxForMac/GoogleToolboxForMac.framework",
				"${BUILT_PRODUCTS_DIR}/leveldb-library/leveldb.framework",
				"${BUILT_PRODUCTS_DIR}/nanopb/nanopb.framework",
			);
			name = "[CP] Embed Pods Frameworks";
			outputPaths = (
				"${TARGET_BUILD_DIR}/${FRAMEWORKS_FOLDER_PATH}/GTMOAuth2.framework",
				"${TARGET_BUILD_DIR}/${FRAMEWORKS_FOLDER_PATH}/GTMSessionFetcher.framework",
				"${TARGET_BUILD_DIR}/${FRAMEWORKS_FOLDER_PATH}/GoogleToolboxForMac.framework",
				"${TARGET_BUILD_DIR}/${FRAMEWORKS_FOLDER_PATH}/leveldb.framework",
				"${TARGET_BUILD_DIR}/${FRAMEWORKS_FOLDER_PATH}/nanopb.framework",
			);
			runOnlyForDeploymentPostprocessing = 0;
			shellPath = /bin/sh;
			shellScript = "\"${SRCROOT}/Pods/Target Support Files/Pods-RushApp/Pods-RushApp-frameworks.sh\"\n";
			showEnvVarsInLog = 0;
		};
		F1F8F5CAC88DE81BB7ACE57F /* [CP] Copy Pods Resources */ = {
			isa = PBXShellScriptBuildPhase;
			buildActionMask = 2147483647;
			files = (
			);
			inputPaths = (
			);
			name = "[CP] Copy Pods Resources";
			outputPaths = (
			);
			runOnlyForDeploymentPostprocessing = 0;
			shellPath = /bin/sh;
			shellScript = "\"${SRCROOT}/Pods/Target Support Files/Pods-RushAppTests/Pods-RushAppTests-resources.sh\"\n";
			showEnvVarsInLog = 0;
		};
		F95CB93FDE5A4F9A10F3AE11 /* [CP] Check Pods Manifest.lock */ = {
			isa = PBXShellScriptBuildPhase;
			buildActionMask = 2147483647;
			files = (
			);
			inputPaths = (
				"${PODS_PODFILE_DIR_PATH}/Podfile.lock",
				"${PODS_ROOT}/Manifest.lock",
			);
			name = "[CP] Check Pods Manifest.lock";
			outputPaths = (
				"$(DERIVED_FILE_DIR)/Pods-RushAppTests-checkManifestLockResult.txt",
			);
			runOnlyForDeploymentPostprocessing = 0;
			shellPath = /bin/sh;
			shellScript = "diff \"${PODS_PODFILE_DIR_PATH}/Podfile.lock\" \"${PODS_ROOT}/Manifest.lock\" > /dev/null\nif [ $? != 0 ] ; then\n    # print error to STDERR\n    echo \"error: The sandbox is not in sync with the Podfile.lock. Run 'pod install' or update your CocoaPods installation.\" >&2\n    exit 1\nfi\n# This output is used by Xcode 'outputs' to avoid re-running this script phase.\necho \"SUCCESS\" > \"${SCRIPT_OUTPUT_FILE_0}\"\n";
			showEnvVarsInLog = 0;
		};
/* End PBXShellScriptBuildPhase section */

/* Begin PBXSourcesBuildPhase section */
		C72303DE1F882D28007D7989 /* Sources */ = {
			isa = PBXSourcesBuildPhase;
			buildActionMask = 2147483647;
			files = (
				C72F2F731FB3BE5D00CAC47E /* User.swift in Sources */,
				C72303E81F882D28007D7989 /* SignInViewController.swift in Sources */,
				B1BFAC311FB805E2003B542D /* GroupsViewController.swift in Sources */,
				B1BFAC331FB8C50F003B542D /* MembersTableViewController.swift in Sources */,
				C72303E61F882D28007D7989 /* AppDelegate.swift in Sources */,
				C72F2F751FB3D4E000CAC47E /* CurrentSessionData.swift in Sources */,
				C72303EE1F882D28007D7989 /* RushApp.xcdatamodeld in Sources */,
			);
			runOnlyForDeploymentPostprocessing = 0;
		};
		C72303F51F882D28007D7989 /* Sources */ = {
			isa = PBXSourcesBuildPhase;
			buildActionMask = 2147483647;
			files = (
				C72303FE1F882D28007D7989 /* RushAppTests.swift in Sources */,
			);
			runOnlyForDeploymentPostprocessing = 0;
		};
		C72304001F882D28007D7989 /* Sources */ = {
			isa = PBXSourcesBuildPhase;
			buildActionMask = 2147483647;
			files = (
				C72304091F882D28007D7989 /* RushAppUITests.swift in Sources */,
			);
			runOnlyForDeploymentPostprocessing = 0;
		};
/* End PBXSourcesBuildPhase section */

/* Begin PBXTargetDependency section */
		C72303FB1F882D28007D7989 /* PBXTargetDependency */ = {
			isa = PBXTargetDependency;
			target = C72303E11F882D28007D7989 /* RushApp */;
			targetProxy = C72303FA1F882D28007D7989 /* PBXContainerItemProxy */;
		};
		C72304061F882D28007D7989 /* PBXTargetDependency */ = {
			isa = PBXTargetDependency;
			target = C72303E11F882D28007D7989 /* RushApp */;
			targetProxy = C72304051F882D28007D7989 /* PBXContainerItemProxy */;
		};
/* End PBXTargetDependency section */

/* Begin PBXVariantGroup section */
		C72303E91F882D28007D7989 /* Main.storyboard */ = {
			isa = PBXVariantGroup;
			children = (
				C72303EA1F882D28007D7989 /* Base */,
			);
			name = Main.storyboard;
			sourceTree = "<group>";
		};
		C72303F11F882D28007D7989 /* LaunchScreen.storyboard */ = {
			isa = PBXVariantGroup;
			children = (
				C72303F21F882D28007D7989 /* Base */,
			);
			name = LaunchScreen.storyboard;
			sourceTree = "<group>";
		};
/* End PBXVariantGroup section */

/* Begin XCBuildConfiguration section */
		C723040B1F882D28007D7989 /* Debug */ = {
			isa = XCBuildConfiguration;
			buildSettings = {
				ALWAYS_SEARCH_USER_PATHS = NO;
				CLANG_ANALYZER_NONNULL = YES;
				CLANG_ANALYZER_NUMBER_OBJECT_CONVERSION = YES_AGGRESSIVE;
				CLANG_CXX_LANGUAGE_STANDARD = "gnu++14";
				CLANG_CXX_LIBRARY = "libc++";
				CLANG_ENABLE_MODULES = YES;
				CLANG_ENABLE_OBJC_ARC = YES;
				CLANG_WARN_BLOCK_CAPTURE_AUTORELEASING = YES;
				CLANG_WARN_BOOL_CONVERSION = YES;
				CLANG_WARN_COMMA = YES;
				CLANG_WARN_CONSTANT_CONVERSION = YES;
				CLANG_WARN_DIRECT_OBJC_ISA_USAGE = YES_ERROR;
				CLANG_WARN_DOCUMENTATION_COMMENTS = YES;
				CLANG_WARN_EMPTY_BODY = YES;
				CLANG_WARN_ENUM_CONVERSION = YES;
				CLANG_WARN_INFINITE_RECURSION = YES;
				CLANG_WARN_INT_CONVERSION = YES;
				CLANG_WARN_NON_LITERAL_NULL_CONVERSION = YES;
				CLANG_WARN_OBJC_LITERAL_CONVERSION = YES;
				CLANG_WARN_OBJC_ROOT_CLASS = YES_ERROR;
				CLANG_WARN_RANGE_LOOP_ANALYSIS = YES;
				CLANG_WARN_STRICT_PROTOTYPES = YES;
				CLANG_WARN_SUSPICIOUS_MOVE = YES;
				CLANG_WARN_UNGUARDED_AVAILABILITY = YES_AGGRESSIVE;
				CLANG_WARN_UNREACHABLE_CODE = YES;
				CLANG_WARN__DUPLICATE_METHOD_MATCH = YES;
				CODE_SIGN_IDENTITY = "iPhone Developer";
				COPY_PHASE_STRIP = NO;
				DEBUG_INFORMATION_FORMAT = dwarf;
				ENABLE_STRICT_OBJC_MSGSEND = YES;
				ENABLE_TESTABILITY = YES;
				GCC_C_LANGUAGE_STANDARD = gnu11;
				GCC_DYNAMIC_NO_PIC = NO;
				GCC_NO_COMMON_BLOCKS = YES;
				GCC_OPTIMIZATION_LEVEL = 0;
				GCC_PREPROCESSOR_DEFINITIONS = (
					"DEBUG=1",
					"$(inherited)",
				);
				GCC_WARN_64_TO_32_BIT_CONVERSION = YES;
				GCC_WARN_ABOUT_RETURN_TYPE = YES_ERROR;
				GCC_WARN_UNDECLARED_SELECTOR = YES;
				GCC_WARN_UNINITIALIZED_AUTOS = YES_AGGRESSIVE;
				GCC_WARN_UNUSED_FUNCTION = YES;
				GCC_WARN_UNUSED_VARIABLE = YES;
				IPHONEOS_DEPLOYMENT_TARGET = 11.0;
				MTL_ENABLE_DEBUG_INFO = YES;
				ONLY_ACTIVE_ARCH = YES;
				SDKROOT = iphoneos;
				SWIFT_ACTIVE_COMPILATION_CONDITIONS = DEBUG;
				SWIFT_OPTIMIZATION_LEVEL = "-Onone";
			};
			name = Debug;
		};
		C723040C1F882D28007D7989 /* Release */ = {
			isa = XCBuildConfiguration;
			buildSettings = {
				ALWAYS_SEARCH_USER_PATHS = NO;
				CLANG_ANALYZER_NONNULL = YES;
				CLANG_ANALYZER_NUMBER_OBJECT_CONVERSION = YES_AGGRESSIVE;
				CLANG_CXX_LANGUAGE_STANDARD = "gnu++14";
				CLANG_CXX_LIBRARY = "libc++";
				CLANG_ENABLE_MODULES = YES;
				CLANG_ENABLE_OBJC_ARC = YES;
				CLANG_WARN_BLOCK_CAPTURE_AUTORELEASING = YES;
				CLANG_WARN_BOOL_CONVERSION = YES;
				CLANG_WARN_COMMA = YES;
				CLANG_WARN_CONSTANT_CONVERSION = YES;
				CLANG_WARN_DIRECT_OBJC_ISA_USAGE = YES_ERROR;
				CLANG_WARN_DOCUMENTATION_COMMENTS = YES;
				CLANG_WARN_EMPTY_BODY = YES;
				CLANG_WARN_ENUM_CONVERSION = YES;
				CLANG_WARN_INFINITE_RECURSION = YES;
				CLANG_WARN_INT_CONVERSION = YES;
				CLANG_WARN_NON_LITERAL_NULL_CONVERSION = YES;
				CLANG_WARN_OBJC_LITERAL_CONVERSION = YES;
				CLANG_WARN_OBJC_ROOT_CLASS = YES_ERROR;
				CLANG_WARN_RANGE_LOOP_ANALYSIS = YES;
				CLANG_WARN_STRICT_PROTOTYPES = YES;
				CLANG_WARN_SUSPICIOUS_MOVE = YES;
				CLANG_WARN_UNGUARDED_AVAILABILITY = YES_AGGRESSIVE;
				CLANG_WARN_UNREACHABLE_CODE = YES;
				CLANG_WARN__DUPLICATE_METHOD_MATCH = YES;
				CODE_SIGN_IDENTITY = "iPhone Developer";
				COPY_PHASE_STRIP = NO;
				DEBUG_INFORMATION_FORMAT = "dwarf-with-dsym";
				ENABLE_NS_ASSERTIONS = NO;
				ENABLE_STRICT_OBJC_MSGSEND = YES;
				GCC_C_LANGUAGE_STANDARD = gnu11;
				GCC_NO_COMMON_BLOCKS = YES;
				GCC_WARN_64_TO_32_BIT_CONVERSION = YES;
				GCC_WARN_ABOUT_RETURN_TYPE = YES_ERROR;
				GCC_WARN_UNDECLARED_SELECTOR = YES;
				GCC_WARN_UNINITIALIZED_AUTOS = YES_AGGRESSIVE;
				GCC_WARN_UNUSED_FUNCTION = YES;
				GCC_WARN_UNUSED_VARIABLE = YES;
				IPHONEOS_DEPLOYMENT_TARGET = 11.0;
				MTL_ENABLE_DEBUG_INFO = NO;
				SDKROOT = iphoneos;
				SWIFT_OPTIMIZATION_LEVEL = "-Owholemodule";
				VALIDATE_PRODUCT = YES;
			};
			name = Release;
		};
		C723040E1F882D28007D7989 /* Debug */ = {
			isa = XCBuildConfiguration;
			baseConfigurationReference = 0BF6236291D417E1B49A00C6 /* Pods-RushApp.debug.xcconfig */;
			buildSettings = {
				ASSETCATALOG_COMPILER_APPICON_NAME = AppIcon;
				CLANG_ENABLE_MODULES = YES;
				CODE_SIGN_STYLE = Automatic;
				INFOPLIST_FILE = RushApp/Info.plist;
				LD_RUNPATH_SEARCH_PATHS = "$(inherited)";
				PRODUCT_BUNDLE_IDENTIFIER = rush.RushApp;
				PRODUCT_NAME = "$(TARGET_NAME)";
				SWIFT_OPTIMIZATION_LEVEL = "-Onone";
				SWIFT_VERSION = 4.0;
				TARGETED_DEVICE_FAMILY = "1,2";
			};
			name = Debug;
		};
		C723040F1F882D28007D7989 /* Release */ = {
			isa = XCBuildConfiguration;
			baseConfigurationReference = 04BFF85812FD41930E4E1190 /* Pods-RushApp.release.xcconfig */;
			buildSettings = {
				ASSETCATALOG_COMPILER_APPICON_NAME = AppIcon;
				CLANG_ENABLE_MODULES = YES;
				CODE_SIGN_STYLE = Automatic;
				INFOPLIST_FILE = RushApp/Info.plist;
				LD_RUNPATH_SEARCH_PATHS = "$(inherited)";
				PRODUCT_BUNDLE_IDENTIFIER = rush.RushApp;
				PRODUCT_NAME = "$(TARGET_NAME)";
				SWIFT_VERSION = 4.0;
				TARGETED_DEVICE_FAMILY = "1,2";
			};
			name = Release;
		};
		C72304111F882D28007D7989 /* Debug */ = {
			isa = XCBuildConfiguration;
			baseConfigurationReference = 68922F70EBCB82D9F60CD307 /* Pods-RushAppTests.debug.xcconfig */;
			buildSettings = {
				ALWAYS_EMBED_SWIFT_STANDARD_LIBRARIES = YES;
				BUNDLE_LOADER = "$(TEST_HOST)";
				CODE_SIGN_STYLE = Automatic;
				INFOPLIST_FILE = RushAppTests/Info.plist;
				LD_RUNPATH_SEARCH_PATHS = "$(inherited) @executable_path/Frameworks @loader_path/Frameworks";
				PRODUCT_BUNDLE_IDENTIFIER = rush.RushAppTests;
				PRODUCT_NAME = "$(TARGET_NAME)";
				SWIFT_VERSION = 4.0;
				TARGETED_DEVICE_FAMILY = "1,2";
				TEST_HOST = "$(BUILT_PRODUCTS_DIR)/RushApp.app/RushApp";
			};
			name = Debug;
		};
		C72304121F882D28007D7989 /* Release */ = {
			isa = XCBuildConfiguration;
			baseConfigurationReference = DD85758A3CCE1EA9D73B16E1 /* Pods-RushAppTests.release.xcconfig */;
			buildSettings = {
				ALWAYS_EMBED_SWIFT_STANDARD_LIBRARIES = YES;
				BUNDLE_LOADER = "$(TEST_HOST)";
				CODE_SIGN_STYLE = Automatic;
				INFOPLIST_FILE = RushAppTests/Info.plist;
				LD_RUNPATH_SEARCH_PATHS = "$(inherited) @executable_path/Frameworks @loader_path/Frameworks";
				PRODUCT_BUNDLE_IDENTIFIER = rush.RushAppTests;
				PRODUCT_NAME = "$(TARGET_NAME)";
				SWIFT_VERSION = 4.0;
				TARGETED_DEVICE_FAMILY = "1,2";
				TEST_HOST = "$(BUILT_PRODUCTS_DIR)/RushApp.app/RushApp";
			};
			name = Release;
		};
		C72304141F882D28007D7989 /* Debug */ = {
			isa = XCBuildConfiguration;
			baseConfigurationReference = A595ECFFCD877AAF0F2EE87E /* Pods-RushAppUITests.debug.xcconfig */;
			buildSettings = {
				ALWAYS_EMBED_SWIFT_STANDARD_LIBRARIES = YES;
				CODE_SIGN_STYLE = Automatic;
				INFOPLIST_FILE = RushAppUITests/Info.plist;
				LD_RUNPATH_SEARCH_PATHS = "$(inherited) @executable_path/Frameworks @loader_path/Frameworks";
				PRODUCT_BUNDLE_IDENTIFIER = rush.RushAppUITests;
				PRODUCT_NAME = "$(TARGET_NAME)";
				SWIFT_VERSION = 4.0;
				TARGETED_DEVICE_FAMILY = "1,2";
				TEST_TARGET_NAME = RushApp;
			};
			name = Debug;
		};
		C72304151F882D28007D7989 /* Release */ = {
			isa = XCBuildConfiguration;
			baseConfigurationReference = F4C6D68576C454C60939CD36 /* Pods-RushAppUITests.release.xcconfig */;
			buildSettings = {
				ALWAYS_EMBED_SWIFT_STANDARD_LIBRARIES = YES;
				CODE_SIGN_STYLE = Automatic;
				INFOPLIST_FILE = RushAppUITests/Info.plist;
				LD_RUNPATH_SEARCH_PATHS = "$(inherited) @executable_path/Frameworks @loader_path/Frameworks";
				PRODUCT_BUNDLE_IDENTIFIER = rush.RushAppUITests;
				PRODUCT_NAME = "$(TARGET_NAME)";
				SWIFT_VERSION = 4.0;
				TARGETED_DEVICE_FAMILY = "1,2";
				TEST_TARGET_NAME = RushApp;
			};
			name = Release;
		};
/* End XCBuildConfiguration section */

/* Begin XCConfigurationList section */
		C72303DD1F882D28007D7989 /* Build configuration list for PBXProject "RushApp" */ = {
			isa = XCConfigurationList;
			buildConfigurations = (
				C723040B1F882D28007D7989 /* Debug */,
				C723040C1F882D28007D7989 /* Release */,
			);
			defaultConfigurationIsVisible = 0;
			defaultConfigurationName = Release;
		};
		C723040D1F882D28007D7989 /* Build configuration list for PBXNativeTarget "RushApp" */ = {
			isa = XCConfigurationList;
			buildConfigurations = (
				C723040E1F882D28007D7989 /* Debug */,
				C723040F1F882D28007D7989 /* Release */,
			);
			defaultConfigurationIsVisible = 0;
			defaultConfigurationName = Release;
		};
		C72304101F882D28007D7989 /* Build configuration list for PBXNativeTarget "RushAppTests" */ = {
			isa = XCConfigurationList;
			buildConfigurations = (
				C72304111F882D28007D7989 /* Debug */,
				C72304121F882D28007D7989 /* Release */,
			);
			defaultConfigurationIsVisible = 0;
			defaultConfigurationName = Release;
		};
		C72304131F882D28007D7989 /* Build configuration list for PBXNativeTarget "RushAppUITests" */ = {
			isa = XCConfigurationList;
			buildConfigurations = (
				C72304141F882D28007D7989 /* Debug */,
				C72304151F882D28007D7989 /* Release */,
			);
			defaultConfigurationIsVisible = 0;
			defaultConfigurationName = Release;
		};
/* End XCConfigurationList section */

/* Begin XCVersionGroup section */
		C72303EC1F882D28007D7989 /* RushApp.xcdatamodeld */ = {
			isa = XCVersionGroup;
			children = (
				C72303ED1F882D28007D7989 /* RushApp.xcdatamodel */,
			);
			currentVersion = C72303ED1F882D28007D7989 /* RushApp.xcdatamodel */;
			path = RushApp.xcdatamodeld;
			sourceTree = "<group>";
			versionGroupType = wrapper.xcdatamodel;
		};
/* End XCVersionGroup section */
	};
	rootObject = C72303DA1F882D28007D7989 /* Project object */;
}
