// !$*UTF8*$!
{
	archiveVersion = 1;
	classes = {
	};
	objectVersion = 48;
	objects = {

/* Begin PBXBuildFile section */
		C72303E61F882D28007D7989 /* AppDelegate.swift in Sources */ = {isa = PBXBuildFile; fileRef = C72303E51F882D28007D7989 /* AppDelegate.swift */; };
		C72303E81F882D28007D7989 /* ViewController.swift in Sources */ = {isa = PBXBuildFile; fileRef = C72303E71F882D28007D7989 /* ViewController.swift */; };
		C72303EB1F882D28007D7989 /* Main.storyboard in Resources */ = {isa = PBXBuildFile; fileRef = C72303E91F882D28007D7989 /* Main.storyboard */; };
		C72303EE1F882D28007D7989 /* RushApp.xcdatamodeld in Sources */ = {isa = PBXBuildFile; fileRef = C72303EC1F882D28007D7989 /* RushApp.xcdatamodeld */; };
		C72303F01F882D28007D7989 /* Assets.xcassets in Resources */ = {isa = PBXBuildFile; fileRef = C72303EF1F882D28007D7989 /* Assets.xcassets */; };
		C72303F31F882D28007D7989 /* LaunchScreen.storyboard in Resources */ = {isa = PBXBuildFile; fileRef = C72303F11F882D28007D7989 /* LaunchScreen.storyboard */; };
		C72303FE1F882D28007D7989 /* RushAppTests.swift in Sources */ = {isa = PBXBuildFile; fileRef = C72303FD1F882D28007D7989 /* RushAppTests.swift */; };
		C72304091F882D28007D7989 /* RushAppUITests.swift in Sources */ = {isa = PBXBuildFile; fileRef = C72304081F882D28007D7989 /* RushAppUITests.swift */; };
/* End PBXBuildFile section */

/* Begin PBXContainerItemProxy section */
		C72303FA1F882D28007D7989 /* PBXContainerItemProxy */ = {
			isa = PBXContainerItemProxy;
			containerPortal = C72303DA1F882D28007D7989 /* Project object */;
			proxyType = 1;
			remoteGlobalIDString = C72303E11F882D28007D7989;
			remoteInfo = RushApp;
		};
		C72304051F882D28007D7989 /* PBXContainerItemProxy */ = {
			isa = PBXContainerItemProxy;
			containerPortal = C72303DA1F882D28007D7989 /* Project object */;
			proxyType = 1;
			remoteGlobalIDString = C72303E11F882D28007D7989;
			remoteInfo = RushApp;
		};
/* End PBXContainerItemProxy section */

/* Begin PBXFileReference section */
		C72303E21F882D28007D7989 /* RushApp.app */ = {isa = PBXFileReference; explicitFileType = wrapper.application; includeInIndex = 0; path = RushApp.app; sourceTree = BUILT_PRODUCTS_DIR; };
		C72303E51F882D28007D7989 /* AppDelegate.swift */ = {isa = PBXFileReference; lastKnownFileType = sourcecode.swift; path = AppDelegate.swift; sourceTree = "<group>"; };
		C72303E71F882D28007D7989 /* ViewController.swift */ = {isa = PBXFileReference; lastKnownFileType = sourcecode.swift; path = ViewController.swift; sourceTree = "<group>"; };
		C72303EA1F882D28007D7989 /* Base */ = {isa = PBXFileReference; lastKnownFileType = file.storyboard; name = Base; path = Base.lproj/Main.storyboard; sourceTree = "<group>"; };
		C72303ED1F882D28007D7989 /* RushApp.xcdatamodel */ = {isa = PBXFileReference; lastKnownFileType = wrapper.xcdatamodel; path = RushApp.xcdatamodel; sourceTree = "<group>"; };
		C72303EF1F882D28007D7989 /* Assets.xcassets */ = {isa = PBXFileReference; lastKnownFileType = folder.assetcatalog; path = Assets.xcassets; sourceTree = "<group>"; };
		C72303F21F882D28007D7989 /* Base */ = {isa = PBXFileReference; lastKnownFileType = file.storyboard; name = Base; path = Base.lproj/LaunchScreen.storyboard; sourceTree = "<group>"; };
		C72303F41F882D28007D7989 /* Info.plist */ = {isa = PBXFileReference; lastKnownFileType = text.plist.xml; path = Info.plist; sourceTree = "<group>"; };
		C72303F91F882D28007D7989 /* RushAppTests.xctest */ = {isa = PBXFileReference; explicitFileType = wrapper.cfbundle; includeInIndex = 0; path = RushAppTests.xctest; sourceTree = BUILT_PRODUCTS_DIR; };
		C72303FD1F882D28007D7989 /* RushAppTests.swift */ = {isa = PBXFileReference; lastKnownFileType = sourcecode.swift; path = RushAppTests.swift; sourceTree = "<group>"; };
		C72303FF1F882D28007D7989 /* Info.plist */ = {isa = PBXFileReference; lastKnownFileType = text.plist.xml; path = Info.plist; sourceTree = "<group>"; };
		C72304041F882D28007D7989 /* RushAppUITests.xctest */ = {isa = PBXFileReference; explicitFileType = wrapper.cfbundle; includeInIndex = 0; path = RushAppUITests.xctest; sourceTree = BUILT_PRODUCTS_DIR; };
		C72304081F882D28007D7989 /* RushAppUITests.swift */ = {isa = PBXFileReference; lastKnownFileType = sourcecode.swift; path = RushAppUITests.swift; sourceTree = "<group>"; };
		C723040A1F882D28007D7989 /* Info.plist */ = {isa = PBXFileReference; lastKnownFileType = text.plist.xml; path = Info.plist; sourceTree = "<group>"; };
/* End PBXFileReference section */

/* Begin PBXFrameworksBuildPhase section */
		C72303DF1F882D28007D7989 /* Frameworks */ = {
			isa = PBXFrameworksBuildPhase;
			buildActionMask = 2147483647;
			files = (
			);
			runOnlyForDeploymentPostprocessing = 0;
		};
		C72303F61F882D28007D7989 /* Frameworks */ = {
			isa = PBXFrameworksBuildPhase;
			buildActionMask = 2147483647;
			files = (
			);
			runOnlyForDeploymentPostprocessing = 0;
		};
		C72304011F882D28007D7989 /* Frameworks */ = {
			isa = PBXFrameworksBuildPhase;
			buildActionMask = 2147483647;
			files = (
			);
			runOnlyForDeploymentPostprocessing = 0;
		};
/* End PBXFrameworksBuildPhase section */

/* Begin PBXGroup section */
		C72303D91F882D27007D7989 = {
			isa = PBXGroup;
			children = (
				C72303E41F882D28007D7989 /* RushApp */,
				C72303FC1F882D28007D7989 /* RushAppTests */,
				C72304071F882D28007D7989 /* RushAppUITests */,
				C72303E31F882D28007D7989 /* Products */,
			);
			sourceTree = "<group>";
		};
		C72303E31F882D28007D7989 /* Products */ = {
			isa = PBXGroup;
			children = (
				C72303E21F882D28007D7989 /* RushApp.app */,
				C72303F91F882D28007D7989 /* RushAppTests.xctest */,
				C72304041F882D28007D7989 /* RushAppUITests.xctest */,
			);
			name = Products;
			sourceTree = "<group>";
		};
		C72303E41F882D28007D7989 /* RushApp */ = {
			isa = PBXGroup;
			children = (
				C72303E51F882D28007D7989 /* AppDelegate.swift */,
				C72303E71F882D28007D7989 /* ViewController.swift */,
				C72303E91F882D28007D7989 /* Main.storyboard */,
				C72303EF1F882D28007D7989 /* Assets.xcassets */,
				C72303F11F882D28007D7989 /* LaunchScreen.storyboard */,
				C72303F41F882D28007D7989 /* Info.plist */,
				C72303EC1F882D28007D7989 /* RushApp.xcdatamodeld */,
			);
			path = RushApp;
			sourceTree = "<group>";
		};
		C72303FC1F882D28007D7989 /* RushAppTests */ = {
			isa = PBXGroup;
			children = (
				C72303FD1F882D28007D7989 /* RushAppTests.swift */,
				C72303FF1F882D28007D7989 /* Info.plist */,
			);
			path = RushAppTests;
			sourceTree = "<group>";
		};
		C72304071F882D28007D7989 /* RushAppUITests */ = {
			isa = PBXGroup;
			children = (
				C72304081F882D28007D7989 /* RushAppUITests.swift */,
				C723040A1F882D28007D7989 /* Info.plist */,
			);
			path = RushAppUITests;
			sourceTree = "<group>";
		};
/* End PBXGroup section */

/* Begin PBXNativeTarget section */
		C72303E11F882D28007D7989 /* RushApp */ = {
			isa = PBXNativeTarget;
			buildConfigurationList = C723040D1F882D28007D7989 /* Build configuration list for PBXNativeTarget "RushApp" */;
			buildPhases = (
				C72303DE1F882D28007D7989 /* Sources */,
				C72303DF1F882D28007D7989 /* Frameworks */,
				C72303E01F882D28007D7989 /* Resources */,
			);
			buildRules = (
			);
			dependencies = (
			);
			name = RushApp;
			productName = RushApp;
			productReference = C72303E21F882D28007D7989 /* RushApp.app */;
			productType = "com.apple.product-type.application";
		};
		C72303F81F882D28007D7989 /* RushAppTests */ = {
			isa = PBXNativeTarget;
			buildConfigurationList = C72304101F882D28007D7989 /* Build configuration list for PBXNativeTarget "RushAppTests" */;
			buildPhases = (
				C72303F51F882D28007D7989 /* Sources */,
				C72303F61F882D28007D7989 /* Frameworks */,
				C72303F71F882D28007D7989 /* Resources */,
			);
			buildRules = (
			);
			dependencies = (
				C72303FB1F882D28007D7989 /* PBXTargetDependency */,
			);
			name = RushAppTests;
			productName = RushAppTests;
			productReference = C72303F91F882D28007D7989 /* RushAppTests.xctest */;
			productType = "com.apple.product-type.bundle.unit-test";
		};
		C72304031F882D28007D7989 /* RushAppUITests */ = {
			isa = PBXNativeTarget;
			buildConfigurationList = C72304131F882D28007D7989 /* Build configuration list for PBXNativeTarget "RushAppUITests" */;
			buildPhases = (
				C72304001F882D28007D7989 /* Sources */,
				C72304011F882D28007D7989 /* Frameworks */,
				C72304021F882D28007D7989 /* Resources */,
			);
			buildRules = (
			);
			dependencies = (
				C72304061F882D28007D7989 /* PBXTargetDependency */,
			);
			name = RushAppUITests;
			productName = RushAppUITests;
			productReference = C72304041F882D28007D7989 /* RushAppUITests.xctest */;
			productType = "com.apple.product-type.bundle.ui-testing";
		};
/* End PBXNativeTarget section */

/* Begin PBXProject section */
		C72303DA1F882D28007D7989 /* Project object */ = {
			isa = PBXProject;
			attributes = {
				LastSwiftUpdateCheck = 0900;
				LastUpgradeCheck = 0900;
				ORGANIZATIONNAME = rush;
				TargetAttributes = {
					C72303E11F882D28007D7989 = {
						CreatedOnToolsVersion = 9.0;
						ProvisioningStyle = Automatic;
					};
					C72303F81F882D28007D7989 = {
						CreatedOnToolsVersion = 9.0;
						ProvisioningStyle = Automatic;
						TestTargetID = C72303E11F882D28007D7989;
					};
					C72304031F882D28007D7989 = {
						CreatedOnToolsVersion = 9.0;
						ProvisioningStyle = Automatic;
						TestTargetID = C72303E11F882D28007D7989;
					};
				};
			};
			buildConfigurationList = C72303DD1F882D28007D7989 /* Build configuration list for PBXProject "RushApp" */;
			compatibilityVersion = "Xcode 8.0";
			developmentRegion = en;
			hasScannedForEncodings = 0;
			knownRegions = (
				en,
				Base,
			);
			mainGroup = C72303D91F882D27007D7989;
			productRefGroup = C72303E31F882D28007D7989 /* Products */;
			projectDirPath = "";
			projectRoot = "";
			targets = (
				C72303E11F882D28007D7989 /* RushApp */,
				C72303F81F882D28007D7989 /* RushAppTests */,
				C72304031F882D28007D7989 /* RushAppUITests */,
			);
		};
/* End PBXProject section */

/* Begin PBXResourcesBuildPhase section */
		C72303E01F882D28007D7989 /* Resources */ = {
			isa = PBXResourcesBuildPhase;
			buildActionMask = 2147483647;
			files = (
				C72303F31F882D28007D7989 /* LaunchScreen.storyboard in Resources */,
				C72303F01F882D28007D7989 /* Assets.xcassets in Resources */,
				C72303EB1F882D28007D7989 /* Main.storyboard in Resources */,
			);
			runOnlyForDeploymentPostprocessing = 0;
		};
		C72303F71F882D28007D7989 /* Resources */ = {
			isa = PBXResourcesBuildPhase;
			buildActionMask = 2147483647;
			files = (
			);
			runOnlyForDeploymentPostprocessing = 0;
		};
		C72304021F882D28007D7989 /* Resources */ = {
			isa = PBXResourcesBuildPhase;
			buildActionMask = 2147483647;
			files = (
			);
			runOnlyForDeploymentPostprocessing = 0;
		};
/* End PBXResourcesBuildPhase section */

/* Begin PBXSourcesBuildPhase section */
		C72303DE1F882D28007D7989 /* Sources */ = {
			isa = PBXSourcesBuildPhase;
			buildActionMask = 2147483647;
			files = (
				C72303E81F882D28007D7989 /* ViewController.swift in Sources */,
				C72303E61F882D28007D7989 /* AppDelegate.swift in Sources */,
				C72303EE1F882D28007D7989 /* RushApp.xcdatamodeld in Sources */,
			);
			runOnlyForDeploymentPostprocessing = 0;
		};
		C72303F51F882D28007D7989 /* Sources */ = {
			isa = PBXSourcesBuildPhase;
			buildActionMask = 2147483647;
			files = (
				C72303FE1F882D28007D7989 /* RushAppTests.swift in Sources */,
			);
			runOnlyForDeploymentPostprocessing = 0;
		};
		C72304001F882D28007D7989 /* Sources */ = {
			isa = PBXSourcesBuildPhase;
			buildActionMask = 2147483647;
			files = (
				C72304091F882D28007D7989 /* RushAppUITests.swift in Sources */,
			);
			runOnlyForDeploymentPostprocessing = 0;
		};
/* End PBXSourcesBuildPhase section */

/* Begin PBXTargetDependency section */
		C72303FB1F882D28007D7989 /* PBXTargetDependency */ = {
			isa = PBXTargetDependency;
			target = C72303E11F882D28007D7989 /* RushApp */;
			targetProxy = C72303FA1F882D28007D7989 /* PBXContainerItemProxy */;
		};
		C72304061F882D28007D7989 /* PBXTargetDependency */ = {
			isa = PBXTargetDependency;
			target = C72303E11F882D28007D7989 /* RushApp */;
			targetProxy = C72304051F882D28007D7989 /* PBXContainerItemProxy */;
		};
/* End PBXTargetDependency section */

/* Begin PBXVariantGroup section */
		C72303E91F882D28007D7989 /* Main.storyboard */ = {
			isa = PBXVariantGroup;
			children = (
				C72303EA1F882D28007D7989 /* Base */,
			);
			name = Main.storyboard;
			sourceTree = "<group>";
		};
		C72303F11F882D28007D7989 /* LaunchScreen.storyboard */ = {
			isa = PBXVariantGroup;
			children = (
				C72303F21F882D28007D7989 /* Base */,
			);
			name = LaunchScreen.storyboard;
			sourceTree = "<group>";
		};
/* End PBXVariantGroup section */

/* Begin XCBuildConfiguration section */
		C723040B1F882D28007D7989 /* Debug */ = {
			isa = XCBuildConfiguration;
			buildSettings = {
				ALWAYS_SEARCH_USER_PATHS = NO;
				CLANG_ANALYZER_NONNULL = YES;
				CLANG_ANALYZER_NUMBER_OBJECT_CONVERSION = YES_AGGRESSIVE;
				CLANG_CXX_LANGUAGE_STANDARD = "gnu++14";
				CLANG_CXX_LIBRARY = "libc++";
				CLANG_ENABLE_MODULES = YES;
				CLANG_ENABLE_OBJC_ARC = YES;
				CLANG_WARN_BLOCK_CAPTURE_AUTORELEASING = YES;
				CLANG_WARN_BOOL_CONVERSION = YES;
				CLANG_WARN_COMMA = YES;
				CLANG_WARN_CONSTANT_CONVERSION = YES;
				CLANG_WARN_DIRECT_OBJC_ISA_USAGE = YES_ERROR;
				CLANG_WARN_DOCUMENTATION_COMMENTS = YES;
				CLANG_WARN_EMPTY_BODY = YES;
				CLANG_WARN_ENUM_CONVERSION = YES;
				CLANG_WARN_INFINITE_RECURSION = YES;
				CLANG_WARN_INT_CONVERSION = YES;
				CLANG_WARN_NON_LITERAL_NULL_CONVERSION = YES;
				CLANG_WARN_OBJC_LITERAL_CONVERSION = YES;
				CLANG_WARN_OBJC_ROOT_CLASS = YES_ERROR;
				CLANG_WARN_RANGE_LOOP_ANALYSIS = YES;
				CLANG_WARN_STRICT_PROTOTYPES = YES;
				CLANG_WARN_SUSPICIOUS_MOVE = YES;
				CLANG_WARN_UNGUARDED_AVAILABILITY = YES_AGGRESSIVE;
				CLANG_WARN_UNREACHABLE_CODE = YES;
				CLANG_WARN__DUPLICATE_METHOD_MATCH = YES;
				CODE_SIGN_IDENTITY = "iPhone Developer";
				COPY_PHASE_STRIP = NO;
				DEBUG_INFORMATION_FORMAT = dwarf;
				ENABLE_STRICT_OBJC_MSGSEND = YES;
				ENABLE_TESTABILITY = YES;
				GCC_C_LANGUAGE_STANDARD = gnu11;
				GCC_DYNAMIC_NO_PIC = NO;
				GCC_NO_COMMON_BLOCKS = YES;
				GCC_OPTIMIZATION_LEVEL = 0;
				GCC_PREPROCESSOR_DEFINITIONS = (
					"DEBUG=1",
					"$(inherited)",
				);
				GCC_WARN_64_TO_32_BIT_CONVERSION = YES;
				GCC_WARN_ABOUT_RETURN_TYPE = YES_ERROR;
				GCC_WARN_UNDECLARED_SELECTOR = YES;
				GCC_WARN_UNINITIALIZED_AUTOS = YES_AGGRESSIVE;
				GCC_WARN_UNUSED_FUNCTION = YES;
				GCC_WARN_UNUSED_VARIABLE = YES;
				IPHONEOS_DEPLOYMENT_TARGET = 11.0;
				MTL_ENABLE_DEBUG_INFO = YES;
				ONLY_ACTIVE_ARCH = YES;
				SDKROOT = iphoneos;
				SWIFT_ACTIVE_COMPILATION_CONDITIONS = DEBUG;
				SWIFT_OPTIMIZATION_LEVEL = "-Onone";
			};
			name = Debug;
		};
		C723040C1F882D28007D7989 /* Release */ = {
			isa = XCBuildConfiguration;
			buildSettings = {
				ALWAYS_SEARCH_USER_PATHS = NO;
				CLANG_ANALYZER_NONNULL = YES;
				CLANG_ANALYZER_NUMBER_OBJECT_CONVERSION = YES_AGGRESSIVE;
				CLANG_CXX_LANGUAGE_STANDARD = "gnu++14";
				CLANG_CXX_LIBRARY = "libc++";
				CLANG_ENABLE_MODULES = YES;
				CLANG_ENABLE_OBJC_ARC = YES;
				CLANG_WARN_BLOCK_CAPTURE_AUTORELEASING = YES;
				CLANG_WARN_BOOL_CONVERSION = YES;
				CLANG_WARN_COMMA = YES;
				CLANG_WARN_CONSTANT_CONVERSION = YES;
				CLANG_WARN_DIRECT_OBJC_ISA_USAGE = YES_ERROR;
				CLANG_WARN_DOCUMENTATION_COMMENTS = YES;
				CLANG_WARN_EMPTY_BODY = YES;
				CLANG_WARN_ENUM_CONVERSION = YES;
				CLANG_WARN_INFINITE_RECURSION = YES;
				CLANG_WARN_INT_CONVERSION = YES;
				CLANG_WARN_NON_LITERAL_NULL_CONVERSION = YES;
				CLANG_WARN_OBJC_LITERAL_CONVERSION = YES;
				CLANG_WARN_OBJC_ROOT_CLASS = YES_ERROR;
				CLANG_WARN_RANGE_LOOP_ANALYSIS = YES;
				CLANG_WARN_STRICT_PROTOTYPES = YES;
				CLANG_WARN_SUSPICIOUS_MOVE = YES;
				CLANG_WARN_UNGUARDED_AVAILABILITY = YES_AGGRESSIVE;
				CLANG_WARN_UNREACHABLE_CODE = YES;
				CLANG_WARN__DUPLICATE_METHOD_MATCH = YES;
				CODE_SIGN_IDENTITY = "iPhone Developer";
				COPY_PHASE_STRIP = NO;
				DEBUG_INFORMATION_FORMAT = "dwarf-with-dsym";
				ENABLE_NS_ASSERTIONS = NO;
				ENABLE_STRICT_OBJC_MSGSEND = YES;
				GCC_C_LANGUAGE_STANDARD = gnu11;
				GCC_NO_COMMON_BLOCKS = YES;
				GCC_WARN_64_TO_32_BIT_CONVERSION = YES;
				GCC_WARN_ABOUT_RETURN_TYPE = YES_ERROR;
				GCC_WARN_UNDECLARED_SELECTOR = YES;
				GCC_WARN_UNINITIALIZED_AUTOS = YES_AGGRESSIVE;
				GCC_WARN_UNUSED_FUNCTION = YES;
				GCC_WARN_UNUSED_VARIABLE = YES;
				IPHONEOS_DEPLOYMENT_TARGET = 11.0;
				MTL_ENABLE_DEBUG_INFO = NO;
				SDKROOT = iphoneos;
				SWIFT_OPTIMIZATION_LEVEL = "-Owholemodule";
				VALIDATE_PRODUCT = YES;
			};
			name = Release;
		};
		C723040E1F882D28007D7989 /* Debug */ = {
			isa = XCBuildConfiguration;
			buildSettings = {
				ASSETCATALOG_COMPILER_APPICON_NAME = AppIcon;
				CODE_SIGN_STYLE = Automatic;
				INFOPLIST_FILE = RushApp/Info.plist;
				LD_RUNPATH_SEARCH_PATHS = "$(inherited) @executable_path/Frameworks";
				PRODUCT_BUNDLE_IDENTIFIER = rush.RushApp;
				PRODUCT_NAME = "$(TARGET_NAME)";
				SWIFT_VERSION = 4.0;
				TARGETED_DEVICE_FAMILY = "1,2";
			};
			name = Debug;
		};
		C723040F1F882D28007D7989 /* Release */ = {
			isa = XCBuildConfiguration;
			buildSettings = {
				ASSETCATALOG_COMPILER_APPICON_NAME = AppIcon;
				CODE_SIGN_STYLE = Automatic;
				INFOPLIST_FILE = RushApp/Info.plist;
				LD_RUNPATH_SEARCH_PATHS = "$(inherited) @executable_path/Frameworks";
				PRODUCT_BUNDLE_IDENTIFIER = rush.RushApp;
				PRODUCT_NAME = "$(TARGET_NAME)";
				SWIFT_VERSION = 4.0;
				TARGETED_DEVICE_FAMILY = "1,2";
			};
			name = Release;
		};
		C72304111F882D28007D7989 /* Debug */ = {
			isa = XCBuildConfiguration;
			buildSettings = {
				ALWAYS_EMBED_SWIFT_STANDARD_LIBRARIES = YES;
				BUNDLE_LOADER = "$(TEST_HOST)";
				CODE_SIGN_STYLE = Automatic;
				INFOPLIST_FILE = RushAppTests/Info.plist;
				LD_RUNPATH_SEARCH_PATHS = "$(inherited) @executable_path/Frameworks @loader_path/Frameworks";
				PRODUCT_BUNDLE_IDENTIFIER = rush.RushAppTests;
				PRODUCT_NAME = "$(TARGET_NAME)";
				SWIFT_VERSION = 4.0;
				TARGETED_DEVICE_FAMILY = "1,2";
				TEST_HOST = "$(BUILT_PRODUCTS_DIR)/RushApp.app/RushApp";
			};
			name = Debug;
		};
		C72304121F882D28007D7989 /* Release */ = {
			isa = XCBuildConfiguration;
			buildSettings = {
				ALWAYS_EMBED_SWIFT_STANDARD_LIBRARIES = YES;
				BUNDLE_LOADER = "$(TEST_HOST)";
				CODE_SIGN_STYLE = Automatic;
				INFOPLIST_FILE = RushAppTests/Info.plist;
				LD_RUNPATH_SEARCH_PATHS = "$(inherited) @executable_path/Frameworks @loader_path/Frameworks";
				PRODUCT_BUNDLE_IDENTIFIER = rush.RushAppTests;
				PRODUCT_NAME = "$(TARGET_NAME)";
				SWIFT_VERSION = 4.0;
				TARGETED_DEVICE_FAMILY = "1,2";
				TEST_HOST = "$(BUILT_PRODUCTS_DIR)/RushApp.app/RushApp";
			};
			name = Release;
		};
		C72304141F882D28007D7989 /* Debug */ = {
			isa = XCBuildConfiguration;
			buildSettings = {
				ALWAYS_EMBED_SWIFT_STANDARD_LIBRARIES = YES;
				CODE_SIGN_STYLE = Automatic;
				INFOPLIST_FILE = RushAppUITests/Info.plist;
				LD_RUNPATH_SEARCH_PATHS = "$(inherited) @executable_path/Frameworks @loader_path/Frameworks";
				PRODUCT_BUNDLE_IDENTIFIER = rush.RushAppUITests;
				PRODUCT_NAME = "$(TARGET_NAME)";
				SWIFT_VERSION = 4.0;
				TARGETED_DEVICE_FAMILY = "1,2";
				TEST_TARGET_NAME = RushApp;
			};
			name = Debug;
		};
		C72304151F882D28007D7989 /* Release */ = {
			isa = XCBuildConfiguration;
			buildSettings = {
				ALWAYS_EMBED_SWIFT_STANDARD_LIBRARIES = YES;
				CODE_SIGN_STYLE = Automatic;
				INFOPLIST_FILE = RushAppUITests/Info.plist;
				LD_RUNPATH_SEARCH_PATHS = "$(inherited) @executable_path/Frameworks @loader_path/Frameworks";
				PRODUCT_BUNDLE_IDENTIFIER = rush.RushAppUITests;
				PRODUCT_NAME = "$(TARGET_NAME)";
				SWIFT_VERSION = 4.0;
				TARGETED_DEVICE_FAMILY = "1,2";
				TEST_TARGET_NAME = RushApp;
			};
			name = Release;
		};
/* End XCBuildConfiguration section */

/* Begin XCConfigurationList section */
		C72303DD1F882D28007D7989 /* Build configuration list for PBXProject "RushApp" */ = {
			isa = XCConfigurationList;
			buildConfigurations = (
				C723040B1F882D28007D7989 /* Debug */,
				C723040C1F882D28007D7989 /* Release */,
			);
			defaultConfigurationIsVisible = 0;
			defaultConfigurationName = Release;
		};
		C723040D1F882D28007D7989 /* Build configuration list for PBXNativeTarget "RushApp" */ = {
			isa = XCConfigurationList;
			buildConfigurations = (
				C723040E1F882D28007D7989 /* Debug */,
				C723040F1F882D28007D7989 /* Release */,
			);
			defaultConfigurationIsVisible = 0;
			defaultConfigurationName = Release;
		};
		C72304101F882D28007D7989 /* Build configuration list for PBXNativeTarget "RushAppTests" */ = {
			isa = XCConfigurationList;
			buildConfigurations = (
				C72304111F882D28007D7989 /* Debug */,
				C72304121F882D28007D7989 /* Release */,
			);
			defaultConfigurationIsVisible = 0;
			defaultConfigurationName = Release;
		};
		C72304131F882D28007D7989 /* Build configuration list for PBXNativeTarget "RushAppUITests" */ = {
			isa = XCConfigurationList;
			buildConfigurations = (
				C72304141F882D28007D7989 /* Debug */,
				C72304151F882D28007D7989 /* Release */,
			);
			defaultConfigurationIsVisible = 0;
			defaultConfigurationName = Release;
		};
/* End XCConfigurationList section */

/* Begin XCVersionGroup section */
		C72303EC1F882D28007D7989 /* RushApp.xcdatamodeld */ = {
			isa = XCVersionGroup;
			children = (
				C72303ED1F882D28007D7989 /* RushApp.xcdatamodel */,
			);
			currentVersion = C72303ED1F882D28007D7989 /* RushApp.xcdatamodel */;
			path = RushApp.xcdatamodeld;
			sourceTree = "<group>";
			versionGroupType = wrapper.xcdatamodel;
		};
/* End XCVersionGroup section */
	};
	rootObject = C72303DA1F882D28007D7989 /* Project object */;
}
